
Microsoft Visual Studio Solution File, Format Version 12.00
# Visual Studio 15
VisualStudioVersion = 15.0.27703.2035
MinimumVisualStudioVersion = 10.0.40219.1
Project("{8BC9CEB8-8B4A-11D0-8D11-00A0C91BC942}") = "AlgoAndDS", "AlgoAndDS\AlgoAndDS.vcxproj", "{2CC94C7C-848A-4E43-BC11-8D09BE7E2663}"
EndProject
Global
	GlobalSection(SolutionConfigurationPlatforms) = preSolution
		Debug|x64 = Debug|x64
		Debug|x86 = Debug|x86
		Release|x64 = Release|x64
		Release|x86 = Release|x86
	EndGlobalSection
	GlobalSection(ProjectConfigurationPlatforms) = postSolution
		{2CC94C7C-848A-4E43-BC11-8D09BE7E2663}.Debug|x64.ActiveCfg = Debug|x64
		{2CC94C7C-848A-4E43-BC11-8D09BE7E2663}.Debug|x64.Build.0 = Debug|x64
		{2CC94C7C-848A-4E43-BC11-8D09BE7E2663}.Debug|x86.ActiveCfg = Debug|Win32
		{2CC94C7C-848A-4E43-BC11-8D09BE7E2663}.Debug|x86.Build.0 = Debug|Win32
		{2CC94C7C-848A-4E43-BC11-8D09BE7E2663}.Release|x64.ActiveCfg = Release|x64
		{2CC94C7C-848A-4E43-BC11-8D09BE7E2663}.Release|x64.Build.0 = Release|x64
		{2CC94C7C-848A-4E43-BC11-8D09BE7E2663}.Release|x86.ActiveCfg = Release|Win32
		{2CC94C7C-848A-4E43-BC11-8D09BE7E2663}.Release|x86.Build.0 = Release|Win32
	EndGlobalSection
	GlobalSection(SolutionProperties) = preSolution
		HideSolutionNode = FALSE
	EndGlobalSection
	GlobalSection(ExtensibilityGlobals) = postSolution
		SolutionGuid = {62910E94-D9BF-484A-9EFC-0883F8CF7A77}
	EndGlobalSection
EndGlobal
